{
  "object": {
    "pins": [
      {
        "package": "URLDecoder",
        "repositoryURL": "https://github.com/ShezHsky/URLDecoder.git",
        "state": {
          "branch": null,
          "revision": "8c1064d50c1b23620be45569c5cc59bcf491f1cd",
          "version": "0.0.2"
        }
      }
    ]
  },
  "version": 1
}
