{
  "object": {
    "pins": [
      {
        "package": "URLDecoder",
        "repositoryURL": "https://github.com/ShezHsky/URLDecoder.git",
        "state": {
          "branch": null,
          "revision": "5c4816b388aebec083665f06df69a797a3e7939d",
          "version": "0.0.1"
        }
      }
    ]
  },
  "version": 1
}
